// !$*UTF8*$!
{
	archiveVersion = 1;
	classes = {
	};
	objectVersion = 50;
	objects = {

/* Begin PBXBuildFile section */
		214A446624D61F500049EF89 /* AppDelegate.swift in Sources */ = {isa = PBXBuildFile; fileRef = 214A446524D61F500049EF89 /* AppDelegate.swift */; };
		214A446824D61F500049EF89 /* SceneDelegate.swift in Sources */ = {isa = PBXBuildFile; fileRef = 214A446724D61F500049EF89 /* SceneDelegate.swift */; };
		214A446A24D61F500049EF89 /* ViewController.swift in Sources */ = {isa = PBXBuildFile; fileRef = 214A446924D61F500049EF89 /* ViewController.swift */; };
		214A446D24D61F500049EF89 /* Main.storyboard in Resources */ = {isa = PBXBuildFile; fileRef = 214A446B24D61F500049EF89 /* Main.storyboard */; };
		214A446F24D61F510049EF89 /* Assets.xcassets in Resources */ = {isa = PBXBuildFile; fileRef = 214A446E24D61F510049EF89 /* Assets.xcassets */; };
		214A447224D61F510049EF89 /* LaunchScreen.storyboard in Resources */ = {isa = PBXBuildFile; fileRef = 214A447024D61F510049EF89 /* LaunchScreen.storyboard */; };
		214A447D24D61F510049EF89 /* CalcTipTests.swift in Sources */ = {isa = PBXBuildFile; fileRef = 214A447C24D61F510049EF89 /* CalcTipTests.swift */; };
		214A448824D61F510049EF89 /* CalcTipUITests.swift in Sources */ = {isa = PBXBuildFile; fileRef = 214A448724D61F510049EF89 /* CalcTipUITests.swift */; };
/* End PBXBuildFile section */

/* Begin PBXContainerItemProxy section */
		214A447924D61F510049EF89 /* PBXContainerItemProxy */ = {
			isa = PBXContainerItemProxy;
			containerPortal = 214A445A24D61F500049EF89 /* Project object */;
			proxyType = 1;
			remoteGlobalIDString = 214A446124D61F500049EF89;
			remoteInfo = CalcTip;
		};
		214A448424D61F510049EF89 /* PBXContainerItemProxy */ = {
			isa = PBXContainerItemProxy;
			containerPortal = 214A445A24D61F500049EF89 /* Project object */;
			proxyType = 1;
			remoteGlobalIDString = 214A446124D61F500049EF89;
			remoteInfo = CalcTip;
		};
/* End PBXContainerItemProxy section */

/* Begin PBXFileReference section */
		214A446224D61F500049EF89 /* CalcTip.app */ = {isa = PBXFileReference; explicitFileType = wrapper.application; includeInIndex = 0; path = CalcTip.app; sourceTree = BUILT_PRODUCTS_DIR; };
		214A446524D61F500049EF89 /* AppDelegate.swift */ = {isa = PBXFileReference; lastKnownFileType = sourcecode.swift; path = AppDelegate.swift; sourceTree = "<group>"; };
		214A446724D61F500049EF89 /* SceneDelegate.swift */ = {isa = PBXFileReference; lastKnownFileType = sourcecode.swift; path = SceneDelegate.swift; sourceTree = "<group>"; };
		214A446924D61F500049EF89 /* ViewController.swift */ = {isa = PBXFileReference; lastKnownFileType = sourcecode.swift; path = ViewController.swift; sourceTree = "<group>"; };
		214A446C24D61F500049EF89 /* Base */ = {isa = PBXFileReference; lastKnownFileType = file.storyboard; name = Base; path = Base.lproj/Main.storyboard; sourceTree = "<group>"; };
		214A446E24D61F510049EF89 /* Assets.xcassets */ = {isa = PBXFileReference; lastKnownFileType = folder.assetcatalog; path = Assets.xcassets; sourceTree = "<group>"; };
		214A447124D61F510049EF89 /* Base */ = {isa = PBXFileReference; lastKnownFileType = file.storyboard; name = Base; path = Base.lproj/LaunchScreen.storyboard; sourceTree = "<group>"; };
		214A447324D61F510049EF89 /* Info.plist */ = {isa = PBXFileReference; lastKnownFileType = text.plist.xml; path = Info.plist; sourceTree = "<group>"; };
		214A447824D61F510049EF89 /* CalcTipTests.xctest */ = {isa = PBXFileReference; explicitFileType = wrapper.cfbundle; includeInIndex = 0; path = CalcTipTests.xctest; sourceTree = BUILT_PRODUCTS_DIR; };
		214A447C24D61F510049EF89 /* CalcTipTests.swift */ = {isa = PBXFileReference; lastKnownFileType = sourcecode.swift; path = CalcTipTests.swift; sourceTree = "<group>"; };
		214A447E24D61F510049EF89 /* Info.plist */ = {isa = PBXFileReference; lastKnownFileType = text.plist.xml; path = Info.plist; sourceTree = "<group>"; };
		214A448324D61F510049EF89 /* CalcTipUITests.xctest */ = {isa = PBXFileReference; explicitFileType = wrapper.cfbundle; includeInIndex = 0; path = CalcTipUITests.xctest; sourceTree = BUILT_PRODUCTS_DIR; };
		214A448724D61F510049EF89 /* CalcTipUITests.swift */ = {isa = PBXFileReference; lastKnownFileType = sourcecode.swift; path = CalcTipUITests.swift; sourceTree = "<group>"; };
		214A448924D61F510049EF89 /* Info.plist */ = {isa = PBXFileReference; lastKnownFileType = text.plist.xml; path = Info.plist; sourceTree = "<group>"; };
/* End PBXFileReference section */

/* Begin PBXFrameworksBuildPhase section */
		214A445F24D61F500049EF89 /* Frameworks */ = {
			isa = PBXFrameworksBuildPhase;
			buildActionMask = 2147483647;
			files = (
			);
			runOnlyForDeploymentPostprocessing = 0;
		};
		214A447524D61F510049EF89 /* Frameworks */ = {
			isa = PBXFrameworksBuildPhase;
			buildActionMask = 2147483647;
			files = (
			);
			runOnlyForDeploymentPostprocessing = 0;
		};
		214A448024D61F510049EF89 /* Frameworks */ = {
			isa = PBXFrameworksBuildPhase;
			buildActionMask = 2147483647;
			files = (
			);
			runOnlyForDeploymentPostprocessing = 0;
		};
/* End PBXFrameworksBuildPhase section */

/* Begin PBXGroup section */
		214A445924D61F500049EF89 = {
			isa = PBXGroup;
			children = (
				214A446424D61F500049EF89 /* CalcTip */,
				214A447B24D61F510049EF89 /* CalcTipTests */,
				214A448624D61F510049EF89 /* CalcTipUITests */,
				214A446324D61F500049EF89 /* Products */,
			);
			sourceTree = "<group>";
		};
		214A446324D61F500049EF89 /* Products */ = {
			isa = PBXGroup;
			children = (
				214A446224D61F500049EF89 /* CalcTip.app */,
				214A447824D61F510049EF89 /* CalcTipTests.xctest */,
				214A448324D61F510049EF89 /* CalcTipUITests.xctest */,
			);
			name = Products;
			sourceTree = "<group>";
		};
		214A446424D61F500049EF89 /* CalcTip */ = {
			isa = PBXGroup;
			children = (
				214A446524D61F500049EF89 /* AppDelegate.swift */,
				214A446724D61F500049EF89 /* SceneDelegate.swift */,
				214A446924D61F500049EF89 /* ViewController.swift */,
				214A446B24D61F500049EF89 /* Main.storyboard */,
				214A446E24D61F510049EF89 /* Assets.xcassets */,
				214A447024D61F510049EF89 /* LaunchScreen.storyboard */,
				214A447324D61F510049EF89 /* Info.plist */,
			);
			path = CalcTip;
			sourceTree = "<group>";
		};
		214A447B24D61F510049EF89 /* CalcTipTests */ = {
			isa = PBXGroup;
			children = (
				214A447C24D61F510049EF89 /* CalcTipTests.swift */,
				214A447E24D61F510049EF89 /* Info.plist */,
			);
			path = CalcTipTests;
			sourceTree = "<group>";
		};
		214A448624D61F510049EF89 /* CalcTipUITests */ = {
			isa = PBXGroup;
			children = (
				214A448724D61F510049EF89 /* CalcTipUITests.swift */,
				214A448924D61F510049EF89 /* Info.plist */,
			);
			path = CalcTipUITests;
			sourceTree = "<group>";
		};
/* End PBXGroup section */

/* Begin PBXNativeTarget section */
		214A446124D61F500049EF89 /* CalcTip */ = {
			isa = PBXNativeTarget;
			buildConfigurationList = 214A448C24D61F510049EF89 /* Build configuration list for PBXNativeTarget "CalcTip" */;
			buildPhases = (
				214A445E24D61F500049EF89 /* Sources */,
				214A445F24D61F500049EF89 /* Frameworks */,
				214A446024D61F500049EF89 /* Resources */,
			);
			buildRules = (
			);
			dependencies = (
			);
			name = CalcTip;
			productName = CalcTip;
			productReference = 214A446224D61F500049EF89 /* CalcTip.app */;
			productType = "com.apple.product-type.application";
		};
		214A447724D61F510049EF89 /* CalcTipTests */ = {
			isa = PBXNativeTarget;
			buildConfigurationList = 214A448F24D61F510049EF89 /* Build configuration list for PBXNativeTarget "CalcTipTests" */;
			buildPhases = (
				214A447424D61F510049EF89 /* Sources */,
				214A447524D61F510049EF89 /* Frameworks */,
				214A447624D61F510049EF89 /* Resources */,
			);
			buildRules = (
			);
			dependencies = (
				214A447A24D61F510049EF89 /* PBXTargetDependency */,
			);
			name = CalcTipTests;
			productName = CalcTipTests;
			productReference = 214A447824D61F510049EF89 /* CalcTipTests.xctest */;
			productType = "com.apple.product-type.bundle.unit-test";
		};
		214A448224D61F510049EF89 /* CalcTipUITests */ = {
			isa = PBXNativeTarget;
			buildConfigurationList = 214A449224D61F510049EF89 /* Build configuration list for PBXNativeTarget "CalcTipUITests" */;
			buildPhases = (
				214A447F24D61F510049EF89 /* Sources */,
				214A448024D61F510049EF89 /* Frameworks */,
				214A448124D61F510049EF89 /* Resources */,
			);
			buildRules = (
			);
			dependencies = (
				214A448524D61F510049EF89 /* PBXTargetDependency */,
			);
			name = CalcTipUITests;
			productName = CalcTipUITests;
			productReference = 214A448324D61F510049EF89 /* CalcTipUITests.xctest */;
			productType = "com.apple.product-type.bundle.ui-testing";
		};
/* End PBXNativeTarget section */

/* Begin PBXProject section */
		214A445A24D61F500049EF89 /* Project object */ = {
			isa = PBXProject;
			attributes = {
				LastSwiftUpdateCheck = 1160;
				LastUpgradeCheck = 1160;
				ORGANIZATIONNAME = "Phuc Tran";
				TargetAttributes = {
					214A446124D61F500049EF89 = {
						CreatedOnToolsVersion = 11.6;
					};
					214A447724D61F510049EF89 = {
						CreatedOnToolsVersion = 11.6;
						TestTargetID = 214A446124D61F500049EF89;
					};
					214A448224D61F510049EF89 = {
						CreatedOnToolsVersion = 11.6;
						TestTargetID = 214A446124D61F500049EF89;
					};
				};
			};
			buildConfigurationList = 214A445D24D61F500049EF89 /* Build configuration list for PBXProject "CalcTip" */;
			compatibilityVersion = "Xcode 9.3";
			developmentRegion = en;
			hasScannedForEncodings = 0;
			knownRegions = (
				en,
				Base,
			);
			mainGroup = 214A445924D61F500049EF89;
			productRefGroup = 214A446324D61F500049EF89 /* Products */;
			projectDirPath = "";
			projectRoot = "";
			targets = (
				214A446124D61F500049EF89 /* CalcTip */,
				214A447724D61F510049EF89 /* CalcTipTests */,
				214A448224D61F510049EF89 /* CalcTipUITests */,
			);
		};
/* End PBXProject section */

/* Begin PBXResourcesBuildPhase section */
		214A446024D61F500049EF89 /* Resources */ = {
			isa = PBXResourcesBuildPhase;
			buildActionMask = 2147483647;
			files = (
				214A447224D61F510049EF89 /* LaunchScreen.storyboard in Resources */,
				214A446F24D61F510049EF89 /* Assets.xcassets in Resources */,
				214A446D24D61F500049EF89 /* Main.storyboard in Resources */,
			);
			runOnlyForDeploymentPostprocessing = 0;
		};
		214A447624D61F510049EF89 /* Resources */ = {
			isa = PBXResourcesBuildPhase;
			buildActionMask = 2147483647;
			files = (
			);
			runOnlyForDeploymentPostprocessing = 0;
		};
		214A448124D61F510049EF89 /* Resources */ = {
			isa = PBXResourcesBuildPhase;
			buildActionMask = 2147483647;
			files = (
			);
			runOnlyForDeploymentPostprocessing = 0;
		};
/* End PBXResourcesBuildPhase section */

/* Begin PBXSourcesBuildPhase section */
		214A445E24D61F500049EF89 /* Sources */ = {
			isa = PBXSourcesBuildPhase;
			buildActionMask = 2147483647;
			files = (
				214A446A24D61F500049EF89 /* ViewController.swift in Sources */,
				214A446624D61F500049EF89 /* AppDelegate.swift in Sources */,
				214A446824D61F500049EF89 /* SceneDelegate.swift in Sources */,
			);
			runOnlyForDeploymentPostprocessing = 0;
		};
		214A447424D61F510049EF89 /* Sources */ = {
			isa = PBXSourcesBuildPhase;
			buildActionMask = 2147483647;
			files = (
				214A447D24D61F510049EF89 /* CalcTipTests.swift in Sources */,
			);
			runOnlyForDeploymentPostprocessing = 0;
		};
		214A447F24D61F510049EF89 /* Sources */ = {
			isa = PBXSourcesBuildPhase;
			buildActionMask = 2147483647;
			files = (
				214A448824D61F510049EF89 /* CalcTipUITests.swift in Sources */,
			);
			runOnlyForDeploymentPostprocessing = 0;
		};
/* End PBXSourcesBuildPhase section */

/* Begin PBXTargetDependency section */
		214A447A24D61F510049EF89 /* PBXTargetDependency */ = {
			isa = PBXTargetDependency;
			target = 214A446124D61F500049EF89 /* CalcTip */;
			targetProxy = 214A447924D61F510049EF89 /* PBXContainerItemProxy */;
		};
		214A448524D61F510049EF89 /* PBXTargetDependency */ = {
			isa = PBXTargetDependency;
			target = 214A446124D61F500049EF89 /* CalcTip */;
			targetProxy = 214A448424D61F510049EF89 /* PBXContainerItemProxy */;
		};
/* End PBXTargetDependency section */

/* Begin PBXVariantGroup section */
		214A446B24D61F500049EF89 /* Main.storyboard */ = {
			isa = PBXVariantGroup;
			children = (
				214A446C24D61F500049EF89 /* Base */,
			);
			name = Main.storyboard;
			sourceTree = "<group>";
		};
		214A447024D61F510049EF89 /* LaunchScreen.storyboard */ = {
			isa = PBXVariantGroup;
			children = (
				214A447124D61F510049EF89 /* Base */,
			);
			name = LaunchScreen.storyboard;
			sourceTree = "<group>";
		};
/* End PBXVariantGroup section */

/* Begin XCBuildConfiguration section */
		214A448A24D61F510049EF89 /* Debug */ = {
			isa = XCBuildConfiguration;
			buildSettings = {
				ALWAYS_SEARCH_USER_PATHS = NO;
				CLANG_ANALYZER_NONNULL = YES;
				CLANG_ANALYZER_NUMBER_OBJECT_CONVERSION = YES_AGGRESSIVE;
				CLANG_CXX_LANGUAGE_STANDARD = "gnu++14";
				CLANG_CXX_LIBRARY = "libc++";
				CLANG_ENABLE_MODULES = YES;
				CLANG_ENABLE_OBJC_ARC = YES;
				CLANG_ENABLE_OBJC_WEAK = YES;
				CLANG_WARN_BLOCK_CAPTURE_AUTORELEASING = YES;
				CLANG_WARN_BOOL_CONVERSION = YES;
				CLANG_WARN_COMMA = YES;
				CLANG_WARN_CONSTANT_CONVERSION = YES;
				CLANG_WARN_DEPRECATED_OBJC_IMPLEMENTATIONS = YES;
				CLANG_WARN_DIRECT_OBJC_ISA_USAGE = YES_ERROR;
				CLANG_WARN_DOCUMENTATION_COMMENTS = YES;
				CLANG_WARN_EMPTY_BODY = YES;
				CLANG_WARN_ENUM_CONVERSION = YES;
				CLANG_WARN_INFINITE_RECURSION = YES;
				CLANG_WARN_INT_CONVERSION = YES;
				CLANG_WARN_NON_LITERAL_NULL_CONVERSION = YES;
				CLANG_WARN_OBJC_IMPLICIT_RETAIN_SELF = YES;
				CLANG_WARN_OBJC_LITERAL_CONVERSION = YES;
				CLANG_WARN_OBJC_ROOT_CLASS = YES_ERROR;
				CLANG_WARN_RANGE_LOOP_ANALYSIS = YES;
				CLANG_WARN_STRICT_PROTOTYPES = YES;
				CLANG_WARN_SUSPICIOUS_MOVE = YES;
				CLANG_WARN_UNGUARDED_AVAILABILITY = YES_AGGRESSIVE;
				CLANG_WARN_UNREACHABLE_CODE = YES;
				CLANG_WARN__DUPLICATE_METHOD_MATCH = YES;
				COPY_PHASE_STRIP = NO;
				DEBUG_INFORMATION_FORMAT = dwarf;
				ENABLE_STRICT_OBJC_MSGSEND = YES;
				ENABLE_TESTABILITY = YES;
				GCC_C_LANGUAGE_STANDARD = gnu11;
				GCC_DYNAMIC_NO_PIC = NO;
				GCC_NO_COMMON_BLOCKS = YES;
				GCC_OPTIMIZATION_LEVEL = 0;
				GCC_PREPROCESSOR_DEFINITIONS = (
					"DEBUG=1",
					"$(inherited)",
				);
				GCC_WARN_64_TO_32_BIT_CONVERSION = YES;
				GCC_WARN_ABOUT_RETURN_TYPE = YES_ERROR;
				GCC_WARN_UNDECLARED_SELECTOR = YES;
				GCC_WARN_UNINITIALIZED_AUTOS = YES_AGGRESSIVE;
				GCC_WARN_UNUSED_FUNCTION = YES;
				GCC_WARN_UNUSED_VARIABLE = YES;
				IPHONEOS_DEPLOYMENT_TARGET = 13.6;
				MTL_ENABLE_DEBUG_INFO = INCLUDE_SOURCE;
				MTL_FAST_MATH = YES;
				ONLY_ACTIVE_ARCH = YES;
				SDKROOT = iphoneos;
				SWIFT_ACTIVE_COMPILATION_CONDITIONS = DEBUG;
				SWIFT_OPTIMIZATION_LEVEL = "-Onone";
			};
			name = Debug;
		};
		214A448B24D61F510049EF89 /* Release */ = {
			isa = XCBuildConfiguration;
			buildSettings = {
				ALWAYS_SEARCH_USER_PATHS = NO;
				CLANG_ANALYZER_NONNULL = YES;
				CLANG_ANALYZER_NUMBER_OBJECT_CONVERSION = YES_AGGRESSIVE;
				CLANG_CXX_LANGUAGE_STANDARD = "gnu++14";
				CLANG_CXX_LIBRARY = "libc++";
				CLANG_ENABLE_MODULES = YES;
				CLANG_ENABLE_OBJC_ARC = YES;
				CLANG_ENABLE_OBJC_WEAK = YES;
				CLANG_WARN_BLOCK_CAPTURE_AUTORELEASING = YES;
				CLANG_WARN_BOOL_CONVERSION = YES;
				CLANG_WARN_COMMA = YES;
				CLANG_WARN_CONSTANT_CONVERSION = YES;
				CLANG_WARN_DEPRECATED_OBJC_IMPLEMENTATIONS = YES;
				CLANG_WARN_DIRECT_OBJC_ISA_USAGE = YES_ERROR;
				CLANG_WARN_DOCUMENTATION_COMMENTS = YES;
				CLANG_WARN_EMPTY_BODY = YES;
				CLANG_WARN_ENUM_CONVERSION = YES;
				CLANG_WARN_INFINITE_RECURSION = YES;
				CLANG_WARN_INT_CONVERSION = YES;
				CLANG_WARN_NON_LITERAL_NULL_CONVERSION = YES;
				CLANG_WARN_OBJC_IMPLICIT_RETAIN_SELF = YES;
				CLANG_WARN_OBJC_LITERAL_CONVERSION = YES;
				CLANG_WARN_OBJC_ROOT_CLASS = YES_ERROR;
				CLANG_WARN_RANGE_LOOP_ANALYSIS = YES;
				CLANG_WARN_STRICT_PROTOTYPES = YES;
				CLANG_WARN_SUSPICIOUS_MOVE = YES;
				CLANG_WARN_UNGUARDED_AVAILABILITY = YES_AGGRESSIVE;
				CLANG_WARN_UNREACHABLE_CODE = YES;
				CLANG_WARN__DUPLICATE_METHOD_MATCH = YES;
				COPY_PHASE_STRIP = NO;
				DEBUG_INFORMATION_FORMAT = "dwarf-with-dsym";
				ENABLE_NS_ASSERTIONS = NO;
				ENABLE_STRICT_OBJC_MSGSEND = YES;
				GCC_C_LANGUAGE_STANDARD = gnu11;
				GCC_NO_COMMON_BLOCKS = YES;
				GCC_WARN_64_TO_32_BIT_CONVERSION = YES;
				GCC_WARN_ABOUT_RETURN_TYPE = YES_ERROR;
				GCC_WARN_UNDECLARED_SELECTOR = YES;
				GCC_WARN_UNINITIALIZED_AUTOS = YES_AGGRESSIVE;
				GCC_WARN_UNUSED_FUNCTION = YES;
				GCC_WARN_UNUSED_VARIABLE = YES;
				IPHONEOS_DEPLOYMENT_TARGET = 13.6;
				MTL_ENABLE_DEBUG_INFO = NO;
				MTL_FAST_MATH = YES;
				SDKROOT = iphoneos;
				SWIFT_COMPILATION_MODE = wholemodule;
				SWIFT_OPTIMIZATION_LEVEL = "-O";
				VALIDATE_PRODUCT = YES;
			};
			name = Release;
		};
		214A448D24D61F510049EF89 /* Debug */ = {
			isa = XCBuildConfiguration;
			buildSettings = {
				ASSETCATALOG_COMPILER_APPICON_NAME = AppIcon;
				CODE_SIGN_STYLE = Automatic;
				INFOPLIST_FILE = CalcTip/Info.plist;
				LD_RUNPATH_SEARCH_PATHS = (
					"$(inherited)",
					"@executable_path/Frameworks",
				);
				PRODUCT_BUNDLE_IDENTIFIER = "Phuc-Tran.CalcTip";
				PRODUCT_NAME = "$(TARGET_NAME)";
				SWIFT_VERSION = 5.0;
				TARGETED_DEVICE_FAMILY = "1,2";
			};
			name = Debug;
		};
		214A448E24D61F510049EF89 /* Release */ = {
			isa = XCBuildConfiguration;
			buildSettings = {
				ASSETCATALOG_COMPILER_APPICON_NAME = AppIcon;
				CODE_SIGN_STYLE = Automatic;
				INFOPLIST_FILE = CalcTip/Info.plist;
				LD_RUNPATH_SEARCH_PATHS = (
					"$(inherited)",
					"@executable_path/Frameworks",
				);
				PRODUCT_BUNDLE_IDENTIFIER = "Phuc-Tran.CalcTip";
				PRODUCT_NAME = "$(TARGET_NAME)";
				SWIFT_VERSION = 5.0;
				TARGETED_DEVICE_FAMILY = "1,2";
			};
			name = Release;
		};
		214A449024D61F510049EF89 /* Debug */ = {
			isa = XCBuildConfiguration;
			buildSettings = {
				ALWAYS_EMBED_SWIFT_STANDARD_LIBRARIES = YES;
				BUNDLE_LOADER = "$(TEST_HOST)";
				CODE_SIGN_STYLE = Automatic;
				INFOPLIST_FILE = CalcTipTests/Info.plist;
				IPHONEOS_DEPLOYMENT_TARGET = 13.6;
				LD_RUNPATH_SEARCH_PATHS = (
					"$(inherited)",
					"@executable_path/Frameworks",
					"@loader_path/Frameworks",
				);
				PRODUCT_BUNDLE_IDENTIFIER = "Phuc-Tran.CalcTipTests";
				PRODUCT_NAME = "$(TARGET_NAME)";
				SWIFT_VERSION = 5.0;
				TARGETED_DEVICE_FAMILY = "1,2";
				TEST_HOST = "$(BUILT_PRODUCTS_DIR)/CalcTip.app/CalcTip";
			};
			name = Debug;
		};
		214A449124D61F510049EF89 /* Release */ = {
			isa = XCBuildConfiguration;
			buildSettings = {
				ALWAYS_EMBED_SWIFT_STANDARD_LIBRARIES = YES;
				BUNDLE_LOADER = "$(TEST_HOST)";
				CODE_SIGN_STYLE = Automatic;
				INFOPLIST_FILE = CalcTipTests/Info.plist;
				IPHONEOS_DEPLOYMENT_TARGET = 13.6;
				LD_RUNPATH_SEARCH_PATHS = (
					"$(inherited)",
					"@executable_path/Frameworks",
					"@loader_path/Frameworks",
				);
				PRODUCT_BUNDLE_IDENTIFIER = "Phuc-Tran.CalcTipTests";
				PRODUCT_NAME = "$(TARGET_NAME)";
				SWIFT_VERSION = 5.0;
				TARGETED_DEVICE_FAMILY = "1,2";
				TEST_HOST = "$(BUILT_PRODUCTS_DIR)/CalcTip.app/CalcTip";
			};
			name = Release;
		};
		214A449324D61F510049EF89 /* Debug */ = {
			isa = XCBuildConfiguration;
			buildSettings = {
				ALWAYS_EMBED_SWIFT_STANDARD_LIBRARIES = YES;
				CODE_SIGN_STYLE = Automatic;
				INFOPLIST_FILE = CalcTipUITests/Info.plist;
				LD_RUNPATH_SEARCH_PATHS = (
					"$(inherited)",
					"@executable_path/Frameworks",
					"@loader_path/Frameworks",
				);
				PRODUCT_BUNDLE_IDENTIFIER = "Phuc-Tran.CalcTipUITests";
				PRODUCT_NAME = "$(TARGET_NAME)";
				SWIFT_VERSION = 5.0;
				TARGETED_DEVICE_FAMILY = "1,2";
				TEST_TARGET_NAME = CalcTip;
			};
			name = Debug;
		};
		214A449424D61F510049EF89 /* Release */ = {
			isa = XCBuildConfiguration;
			buildSettings = {
				ALWAYS_EMBED_SWIFT_STANDARD_LIBRARIES = YES;
				CODE_SIGN_STYLE = Automatic;
				INFOPLIST_FILE = CalcTipUITests/Info.plist;
				LD_RUNPATH_SEARCH_PATHS = (
					"$(inherited)",
					"@executable_path/Frameworks",
					"@loader_path/Frameworks",
				);
				PRODUCT_BUNDLE_IDENTIFIER = "Phuc-Tran.CalcTipUITests";
				PRODUCT_NAME = "$(TARGET_NAME)";
				SWIFT_VERSION = 5.0;
				TARGETED_DEVICE_FAMILY = "1,2";
				TEST_TARGET_NAME = CalcTip;
			};
			name = Release;
		};
/* End XCBuildConfiguration section */

/* Begin XCConfigurationList section */
		214A445D24D61F500049EF89 /* Build configuration list for PBXProject "CalcTip" */ = {
			isa = XCConfigurationList;
			buildConfigurations = (
				214A448A24D61F510049EF89 /* Debug */,
				214A448B24D61F510049EF89 /* Release */,
			);
			defaultConfigurationIsVisible = 0;
			defaultConfigurationName = Release;
		};
		214A448C24D61F510049EF89 /* Build configuration list for PBXNativeTarget "CalcTip" */ = {
			isa = XCConfigurationList;
			buildConfigurations = (
				214A448D24D61F510049EF89 /* Debug */,
				214A448E24D61F510049EF89 /* Release */,
			);
			defaultConfigurationIsVisible = 0;
			defaultConfigurationName = Release;
		};
		214A448F24D61F510049EF89 /* Build configuration list for PBXNativeTarget "CalcTipTests" */ = {
			isa = XCConfigurationList;
			buildConfigurations = (
				214A449024D61F510049EF89 /* Debug */,
				214A449124D61F510049EF89 /* Release */,
			);
			defaultConfigurationIsVisible = 0;
			defaultConfigurationName = Release;
		};
		214A449224D61F510049EF89 /* Build configuration list for PBXNativeTarget "CalcTipUITests" */ = {
			isa = XCConfigurationList;
			buildConfigurations = (
				214A449324D61F510049EF89 /* Debug */,
				214A449424D61F510049EF89 /* Release */,
			);
			defaultConfigurationIsVisible = 0;
			defaultConfigurationName = Release;
		};
/* End XCConfigurationList section */
	};
	rootObject = 214A445A24D61F500049EF89 /* Project object */;
}
